
Microsoft Visual Studio Solution File, Format Version 12.00
# Visual Studio Version 17
VisualStudioVersion = 17.6.33723.286
MinimumVisualStudioVersion = 10.0.40219.1
Project("{8BC9CEB8-8B4A-11D0-8D11-00A0C91BC942}") = "t21", "t21\t21.vcxproj", "{1F393FA3-CC4E-4F6B-905B-6626CD5DCDDB}"
EndProject
Global
	GlobalSection(SolutionConfigurationPlatforms) = preSolution
		Debug|x64 = Debug|x64
		Debug|x86 = Debug|x86
		Release|x64 = Release|x64
		Release|x86 = Release|x86
	EndGlobalSection
	GlobalSection(ProjectConfigurationPlatforms) = postSolution
		{1F393FA3-CC4E-4F6B-905B-6626CD5DCDDB}.Debug|x64.ActiveCfg = Debug|x64
		{1F393FA3-CC4E-4F6B-905B-6626CD5DCDDB}.Debug|x64.Build.0 = Debug|x64
		{1F393FA3-CC4E-4F6B-905B-6626CD5DCDDB}.Debug|x86.ActiveCfg = Debug|Win32
		{1F393FA3-CC4E-4F6B-905B-6626CD5DCDDB}.Debug|x86.Build.0 = Debug|Win32
		{1F393FA3-CC4E-4F6B-905B-6626CD5DCDDB}.Release|x64.ActiveCfg = Release|x64
		{1F393FA3-CC4E-4F6B-905B-6626CD5DCDDB}.Release|x64.Build.0 = Release|x64
		{1F393FA3-CC4E-4F6B-905B-6626CD5DCDDB}.Release|x86.ActiveCfg = Release|Win32
		{1F393FA3-CC4E-4F6B-905B-6626CD5DCDDB}.Release|x86.Build.0 = Release|Win32
	EndGlobalSection
	GlobalSection(SolutionProperties) = preSolution
		HideSolutionNode = FALSE
	EndGlobalSection
	GlobalSection(ExtensibilityGlobals) = postSolution
		SolutionGuid = {F22199A9-9938-491A-BAA6-795418BB24BA}
	EndGlobalSection
EndGlobal
